
Microsoft Visual Studio Solution File, Format Version 12.00
# Visual Studio Version 17
VisualStudioVersion = 17.4.33213.308
MinimumVisualStudioVersion = 10.0.40219.1
Project("{FAE04EC0-301F-11D3-BF4B-00C04F79EFBC}") = "Repaso_Formularios", "Repaso_Formularios\Repaso_Formularios.csproj", "{C96FCE4F-00AD-483A-8DF2-A99FEA90236C}"
EndProject
Global
	GlobalSection(SolutionConfigurationPlatforms) = preSolution
		Debug|Any CPU = Debug|Any CPU
		Release|Any CPU = Release|Any CPU
	EndGlobalSection
	GlobalSection(ProjectConfigurationPlatforms) = postSolution
		{C96FCE4F-00AD-483A-8DF2-A99FEA90236C}.Debug|Any CPU.ActiveCfg = Debug|Any CPU
		{C96FCE4F-00AD-483A-8DF2-A99FEA90236C}.Debug|Any CPU.Build.0 = Debug|Any CPU
		{C96FCE4F-00AD-483A-8DF2-A99FEA90236C}.Release|Any CPU.ActiveCfg = Release|Any CPU
		{C96FCE4F-00AD-483A-8DF2-A99FEA90236C}.Release|Any CPU.Build.0 = Release|Any CPU
	EndGlobalSection
	GlobalSection(SolutionProperties) = preSolution
		HideSolutionNode = FALSE
	EndGlobalSection
	GlobalSection(ExtensibilityGlobals) = postSolution
		SolutionGuid = {52F158CC-AE83-4A33-A07E-9062CD4C84AB}
	EndGlobalSection
EndGlobal
